
Microsoft Visual Studio Solution File, Format Version 12.00
# Visual Studio Version 17
VisualStudioVersion = 17.8.34316.72
MinimumVisualStudioVersion = 10.0.40219.1
Project("{E24C65DC-7377-472B-9ABA-BC803B73C61A}") = "csharpwebformsaccess", ".", "{31CFF878-36BF-4FE4-8D20-6599ED7D9473}"
	ProjectSection(WebsiteProperties) = preProject
		TargetFrameworkMoniker = ".NETFramework,Version%3Dv4.8.1"
		Debug.AspNetCompiler.VirtualPath = "/localhost_56698"
		Debug.AspNetCompiler.PhysicalPath = "..\csharpwebformsaccess\"
		Debug.AspNetCompiler.TargetPath = "PrecompiledWeb\localhost_56698\"
		Debug.AspNetCompiler.Updateable = "true"
		Debug.AspNetCompiler.ForceOverwrite = "true"
		Debug.AspNetCompiler.FixedNames = "false"
		Debug.AspNetCompiler.Debug = "True"
		Release.AspNetCompiler.VirtualPath = "/localhost_56698"
		Release.AspNetCompiler.PhysicalPath = "..\csharpwebformsaccess\"
		Release.AspNetCompiler.TargetPath = "PrecompiledWeb\localhost_56698\"
		Release.AspNetCompiler.Updateable = "true"
		Release.AspNetCompiler.ForceOverwrite = "true"
		Release.AspNetCompiler.FixedNames = "false"
		Release.AspNetCompiler.Debug = "False"
		VWDPort = "56698"
		SlnRelativePath = "..\csharpwebformsaccess\"
	EndProjectSection
EndProject
Global
	GlobalSection(SolutionConfigurationPlatforms) = preSolution
		Debug|Any CPU = Debug|Any CPU
	EndGlobalSection
	GlobalSection(ProjectConfigurationPlatforms) = postSolution
		{31CFF878-36BF-4FE4-8D20-6599ED7D9473}.Debug|Any CPU.ActiveCfg = Debug|Any CPU
		{31CFF878-36BF-4FE4-8D20-6599ED7D9473}.Debug|Any CPU.Build.0 = Debug|Any CPU
	EndGlobalSection
	GlobalSection(SolutionProperties) = preSolution
		HideSolutionNode = FALSE
	EndGlobalSection
	GlobalSection(ExtensibilityGlobals) = postSolution
		SolutionGuid = {47A0EE8F-2F60-4C12-8EB1-D151CA4DF520}
	EndGlobalSection
EndGlobal
